
Microsoft Visual Studio Solution File, Format Version 12.00
# Visual Studio Version 16
VisualStudioVersion = 16.0.30114.105
MinimumVisualStudioVersion = 10.0.40219.1
Project("{9A19103F-16F7-4668-BE54-9A1E7A4F7556}") = "Dfe.CspdAlpha.Web.Application", "Dfe.CspdAlpha.Web.Application\Dfe.CspdAlpha.Web.Application.csproj", "{B3258362-B8EF-4626-A5D5-EC0087545ABF}"
EndProject
Project("{9A19103F-16F7-4668-BE54-9A1E7A4F7556}") = "Dfe.CspdAlpha.Web.Domain", "Dfe.CspdAlpha.Web.Domain\Dfe.CspdAlpha.Web.Domain.csproj", "{BA757341-7249-42A2-80C1-0AFDAB12A336}"
EndProject
Project("{9A19103F-16F7-4668-BE54-9A1E7A4F7556}") = "Dfe.CspdAlpha.Web.Infrastructure", "Dfe.CspdAlpha.Web.Infrastructure\Dfe.CspdAlpha.Web.Infrastructure.csproj", "{09E830B3-0B78-463D-A546-BFDF5DFAD16A}"
EndProject
Project("{9A19103F-16F7-4668-BE54-9A1E7A4F7556}") = "Dfe.CspdAlpha.Web.Shared", "Dfe.CspdAlpha.Web.Shared\Dfe.CspdAlpha.Web.Shared.csproj", "{9E402193-AC4C-40AE-9E9C-FFAFBE7449A9}"
EndProject
Project("{9A19103F-16F7-4668-BE54-9A1E7A4F7556}") = "Dfe.Rscd.Web.UnitTests", "Dfe.Rscd.Web.UnitTests\Dfe.Rscd.Web.UnitTests.csproj", "{BFCEEEC3-1E18-41BF-99EA-16D5FC89CBB5}"
EndProject
Project("{9A19103F-16F7-4668-BE54-9A1E7A4F7556}") = "Dfe.CspdAlpha.Web.Services", "Dfe.CspdAlpha.Web.Services\Dfe.CspdAlpha.Web.Services.csproj", "{786CAB00-91ED-4506-A614-A51528F884D8}"
EndProject
Project("{9A19103F-16F7-4668-BE54-9A1E7A4F7556}") = "Dfe.Rscd.Web.ApiClient", "Dfe.Rscd.Web.ApiClient\Dfe.Rscd.Web.ApiClient.csproj", "{404C11C8-CA33-41C6-B4AD-7238343042EC}"
EndProject
Global
	GlobalSection(SolutionConfigurationPlatforms) = preSolution
		Debug|Any CPU = Debug|Any CPU
		Release|Any CPU = Release|Any CPU
	EndGlobalSection
	GlobalSection(ProjectConfigurationPlatforms) = postSolution
		{B3258362-B8EF-4626-A5D5-EC0087545ABF}.Debug|Any CPU.ActiveCfg = Debug|Any CPU
		{B3258362-B8EF-4626-A5D5-EC0087545ABF}.Debug|Any CPU.Build.0 = Debug|Any CPU
		{B3258362-B8EF-4626-A5D5-EC0087545ABF}.Release|Any CPU.ActiveCfg = Release|Any CPU
		{B3258362-B8EF-4626-A5D5-EC0087545ABF}.Release|Any CPU.Build.0 = Release|Any CPU
		{BA757341-7249-42A2-80C1-0AFDAB12A336}.Debug|Any CPU.ActiveCfg = Debug|Any CPU
		{BA757341-7249-42A2-80C1-0AFDAB12A336}.Debug|Any CPU.Build.0 = Debug|Any CPU
		{BA757341-7249-42A2-80C1-0AFDAB12A336}.Release|Any CPU.ActiveCfg = Release|Any CPU
		{BA757341-7249-42A2-80C1-0AFDAB12A336}.Release|Any CPU.Build.0 = Release|Any CPU
		{09E830B3-0B78-463D-A546-BFDF5DFAD16A}.Debug|Any CPU.ActiveCfg = Debug|Any CPU
		{09E830B3-0B78-463D-A546-BFDF5DFAD16A}.Debug|Any CPU.Build.0 = Debug|Any CPU
		{09E830B3-0B78-463D-A546-BFDF5DFAD16A}.Release|Any CPU.ActiveCfg = Release|Any CPU
		{09E830B3-0B78-463D-A546-BFDF5DFAD16A}.Release|Any CPU.Build.0 = Release|Any CPU
		{9E402193-AC4C-40AE-9E9C-FFAFBE7449A9}.Debug|Any CPU.ActiveCfg = Debug|Any CPU
		{9E402193-AC4C-40AE-9E9C-FFAFBE7449A9}.Debug|Any CPU.Build.0 = Debug|Any CPU
		{9E402193-AC4C-40AE-9E9C-FFAFBE7449A9}.Release|Any CPU.ActiveCfg = Release|Any CPU
		{9E402193-AC4C-40AE-9E9C-FFAFBE7449A9}.Release|Any CPU.Build.0 = Release|Any CPU
		{BFCEEEC3-1E18-41BF-99EA-16D5FC89CBB5}.Debug|Any CPU.ActiveCfg = Debug|Any CPU
		{BFCEEEC3-1E18-41BF-99EA-16D5FC89CBB5}.Debug|Any CPU.Build.0 = Debug|Any CPU
		{BFCEEEC3-1E18-41BF-99EA-16D5FC89CBB5}.Release|Any CPU.ActiveCfg = Release|Any CPU
		{BFCEEEC3-1E18-41BF-99EA-16D5FC89CBB5}.Release|Any CPU.Build.0 = Release|Any CPU
		{786CAB00-91ED-4506-A614-A51528F884D8}.Debug|Any CPU.ActiveCfg = Debug|Any CPU
		{786CAB00-91ED-4506-A614-A51528F884D8}.Debug|Any CPU.Build.0 = Debug|Any CPU
		{786CAB00-91ED-4506-A614-A51528F884D8}.Release|Any CPU.ActiveCfg = Release|Any CPU
		{786CAB00-91ED-4506-A614-A51528F884D8}.Release|Any CPU.Build.0 = Release|Any CPU
		{404C11C8-CA33-41C6-B4AD-7238343042EC}.Debug|Any CPU.ActiveCfg = Debug|Any CPU
		{404C11C8-CA33-41C6-B4AD-7238343042EC}.Debug|Any CPU.Build.0 = Debug|Any CPU
		{404C11C8-CA33-41C6-B4AD-7238343042EC}.Release|Any CPU.ActiveCfg = Release|Any CPU
		{404C11C8-CA33-41C6-B4AD-7238343042EC}.Release|Any CPU.Build.0 = Release|Any CPU
	EndGlobalSection
	GlobalSection(SolutionProperties) = preSolution
		HideSolutionNode = FALSE
	EndGlobalSection
	GlobalSection(ExtensibilityGlobals) = postSolution
		SolutionGuid = {7BE0D2A8-FACD-4F98-B743-581EA3F7CDD6}
	EndGlobalSection
EndGlobal
